
Microsoft Visual Studio Solution File, Format Version 12.00
# Visual Studio Version 16
VisualStudioVersion = 16.0.30621.155
MinimumVisualStudioVersion = 10.0.40219.1
Project("{FAE04EC0-301F-11D3-BF4B-00C04F79EFBC}") = "Client", "Client\Client.csproj", "{0566F541-E515-41BA-B762-CD545D5D5624}"
EndProject
Project("{FAE04EC0-301F-11D3-BF4B-00C04F79EFBC}") = "Server", "Server\Server.csproj", "{BD1421BF-20AA-4CFA-8EF2-A24D4992D376}"
EndProject
Global
	GlobalSection(SolutionConfigurationPlatforms) = preSolution
		Debug|Any CPU = Debug|Any CPU
		Release|Any CPU = Release|Any CPU
	EndGlobalSection
	GlobalSection(ProjectConfigurationPlatforms) = postSolution
		{0566F541-E515-41BA-B762-CD545D5D5624}.Debug|Any CPU.ActiveCfg = Debug|Any CPU
		{0566F541-E515-41BA-B762-CD545D5D5624}.Debug|Any CPU.Build.0 = Debug|Any CPU
		{0566F541-E515-41BA-B762-CD545D5D5624}.Release|Any CPU.ActiveCfg = Release|Any CPU
		{0566F541-E515-41BA-B762-CD545D5D5624}.Release|Any CPU.Build.0 = Release|Any CPU
		{BD1421BF-20AA-4CFA-8EF2-A24D4992D376}.Debug|Any CPU.ActiveCfg = Debug|Any CPU
		{BD1421BF-20AA-4CFA-8EF2-A24D4992D376}.Debug|Any CPU.Build.0 = Debug|Any CPU
		{BD1421BF-20AA-4CFA-8EF2-A24D4992D376}.Release|Any CPU.ActiveCfg = Release|Any CPU
		{BD1421BF-20AA-4CFA-8EF2-A24D4992D376}.Release|Any CPU.Build.0 = Release|Any CPU
	EndGlobalSection
	GlobalSection(SolutionProperties) = preSolution
		HideSolutionNode = FALSE
	EndGlobalSection
	GlobalSection(ExtensibilityGlobals) = postSolution
		SolutionGuid = {F77B7D90-4067-427F-AF00-9C5C29524117}
	EndGlobalSection
EndGlobal
